// !$*UTF8*$!
{
	archiveVersion = 1;
	classes = {
	};
	objectVersion = 48;
	objects = {

/* Begin PBXBuildFile section */
		BAB7D66102C09BEC7C7FF6AD /* Pods_hitchhiker.framework in Frameworks */ = {isa = PBXBuildFile; fileRef = 0EE3B1E53AB6477343C2B07E /* Pods_hitchhiker.framework */; };
		E1222F821F928ECE008A8FA8 /* LeftSidePanelVC.swift in Sources */ = {isa = PBXBuildFile; fileRef = E1222F811F928ECE008A8FA8 /* LeftSidePanelVC.swift */; };
		E1222F841F928F6A008A8FA8 /* ContainerVC.swift in Sources */ = {isa = PBXBuildFile; fileRef = E1222F831F928F6A008A8FA8 /* ContainerVC.swift */; };
		E1222F871F929936008A8FA8 /* CenterVCDelegate.swift in Sources */ = {isa = PBXBuildFile; fileRef = E1222F861F929936008A8FA8 /* CenterVCDelegate.swift */; };
		E1222F8A1F93EBE6008A8FA8 /* UIViewExt.swift in Sources */ = {isa = PBXBuildFile; fileRef = E1222F891F93EBE6008A8FA8 /* UIViewExt.swift */; };
		E1222F8C1F93F834008A8FA8 /* LoginVC.swift in Sources */ = {isa = PBXBuildFile; fileRef = E1222F8B1F93F834008A8FA8 /* LoginVC.swift */; };
		E1222F8E1F941D21008A8FA8 /* RoundedCornerTextField.swift in Sources */ = {isa = PBXBuildFile; fileRef = E1222F8D1F941D21008A8FA8 /* RoundedCornerTextField.swift */; };
		E1A65C541F95B0AE00D5F2EC /* DataService.swift in Sources */ = {isa = PBXBuildFile; fileRef = E1A65C531F95B0AE00D5F2EC /* DataService.swift */; };
		E1ACE7871F85D2D20053A1FC /* GradientView.swift in Sources */ = {isa = PBXBuildFile; fileRef = E1ACE7861F85D2D20053A1FC /* GradientView.swift */; };
		E1ACE7891F85D8A00053A1FC /* RoundImageView.swift in Sources */ = {isa = PBXBuildFile; fileRef = E1ACE7881F85D8A00053A1FC /* RoundImageView.swift */; };
		E1ACE78B1F85DA980053A1FC /* RoundedShadowView.swift in Sources */ = {isa = PBXBuildFile; fileRef = E1ACE78A1F85DA980053A1FC /* RoundedShadowView.swift */; };
		E1ACE78D1F85E0350053A1FC /* CircleView.swift in Sources */ = {isa = PBXBuildFile; fileRef = E1ACE78C1F85E0350053A1FC /* CircleView.swift */; };
		E1ACE78F1F85E1D50053A1FC /* RoundedShadowButton.swift in Sources */ = {isa = PBXBuildFile; fileRef = E1ACE78E1F85E1D50053A1FC /* RoundedShadowButton.swift */; };
		E1C0E4921F9BDBEF0006DB59 /* GoogleService-Info.plist in Resources */ = {isa = PBXBuildFile; fileRef = E1A65C511F95ABA700D5F2EC /* GoogleService-Info.plist */; };
		E1C0E4941F9D1EE80006DB59 /* updateService.swift in Sources */ = {isa = PBXBuildFile; fileRef = E1C0E4931F9D1EE80006DB59 /* updateService.swift */; };
		E1C0E4961F9D556B0006DB59 /* DriverAnnotation.swift in Sources */ = {isa = PBXBuildFile; fileRef = E1C0E4951F9D556B0006DB59 /* DriverAnnotation.swift */; };
		E1C0E4981FA6770E0006DB59 /* PassengerAnnotation.swift in Sources */ = {isa = PBXBuildFile; fileRef = E1C0E4971FA6770E0006DB59 /* PassengerAnnotation.swift */; };
		E1EE76FA1F831C46002BB811 /* AppDelegate.swift in Sources */ = {isa = PBXBuildFile; fileRef = E1EE76F91F831C46002BB811 /* AppDelegate.swift */; };
		E1EE76FC1F831C46002BB811 /* HomeVC.swift in Sources */ = {isa = PBXBuildFile; fileRef = E1EE76FB1F831C46002BB811 /* HomeVC.swift */; };
		E1EE76FF1F831C46002BB811 /* Main.storyboard in Resources */ = {isa = PBXBuildFile; fileRef = E1EE76FD1F831C46002BB811 /* Main.storyboard */; };
		E1EE77011F831C46002BB811 /* Assets.xcassets in Resources */ = {isa = PBXBuildFile; fileRef = E1EE77001F831C46002BB811 /* Assets.xcassets */; };
		E1EE77041F831C46002BB811 /* LaunchScreen.storyboard in Resources */ = {isa = PBXBuildFile; fileRef = E1EE77021F831C46002BB811 /* LaunchScreen.storyboard */; };
/* End PBXBuildFile section */

/* Begin PBXFileReference section */
		0EE3B1E53AB6477343C2B07E /* Pods_hitchhiker.framework */ = {isa = PBXFileReference; explicitFileType = wrapper.framework; includeInIndex = 0; path = Pods_hitchhiker.framework; sourceTree = BUILT_PRODUCTS_DIR; };
		55A678BF1603B7EF19E7E9A0 /* Pods-hitchhiker.release.xcconfig */ = {isa = PBXFileReference; includeInIndex = 1; lastKnownFileType = text.xcconfig; name = "Pods-hitchhiker.release.xcconfig"; path = "Pods/Target Support Files/Pods-hitchhiker/Pods-hitchhiker.release.xcconfig"; sourceTree = "<group>"; };
		99AB09F2F695DE4305FB538B /* Pods-hitchhiker.debug.xcconfig */ = {isa = PBXFileReference; includeInIndex = 1; lastKnownFileType = text.xcconfig; name = "Pods-hitchhiker.debug.xcconfig"; path = "Pods/Target Support Files/Pods-hitchhiker/Pods-hitchhiker.debug.xcconfig"; sourceTree = "<group>"; };
		E1222F811F928ECE008A8FA8 /* LeftSidePanelVC.swift */ = {isa = PBXFileReference; lastKnownFileType = sourcecode.swift; path = LeftSidePanelVC.swift; sourceTree = "<group>"; };
		E1222F831F928F6A008A8FA8 /* ContainerVC.swift */ = {isa = PBXFileReference; lastKnownFileType = sourcecode.swift; path = ContainerVC.swift; sourceTree = "<group>"; };
		E1222F861F929936008A8FA8 /* CenterVCDelegate.swift */ = {isa = PBXFileReference; lastKnownFileType = sourcecode.swift; path = CenterVCDelegate.swift; sourceTree = "<group>"; };
		E1222F891F93EBE6008A8FA8 /* UIViewExt.swift */ = {isa = PBXFileReference; lastKnownFileType = sourcecode.swift; path = UIViewExt.swift; sourceTree = "<group>"; };
		E1222F8B1F93F834008A8FA8 /* LoginVC.swift */ = {isa = PBXFileReference; lastKnownFileType = sourcecode.swift; path = LoginVC.swift; sourceTree = "<group>"; };
		E1222F8D1F941D21008A8FA8 /* RoundedCornerTextField.swift */ = {isa = PBXFileReference; lastKnownFileType = sourcecode.swift; path = RoundedCornerTextField.swift; sourceTree = "<group>"; };
		E1A65C511F95ABA700D5F2EC /* GoogleService-Info.plist */ = {isa = PBXFileReference; lastKnownFileType = text.plist.xml; path = "GoogleService-Info.plist"; sourceTree = "<group>"; };
		E1A65C531F95B0AE00D5F2EC /* DataService.swift */ = {isa = PBXFileReference; lastKnownFileType = sourcecode.swift; path = DataService.swift; sourceTree = "<group>"; };
		E1ACE7861F85D2D20053A1FC /* GradientView.swift */ = {isa = PBXFileReference; lastKnownFileType = sourcecode.swift; path = GradientView.swift; sourceTree = "<group>"; };
		E1ACE7881F85D8A00053A1FC /* RoundImageView.swift */ = {isa = PBXFileReference; lastKnownFileType = sourcecode.swift; path = RoundImageView.swift; sourceTree = "<group>"; };
		E1ACE78A1F85DA980053A1FC /* RoundedShadowView.swift */ = {isa = PBXFileReference; lastKnownFileType = sourcecode.swift; path = RoundedShadowView.swift; sourceTree = "<group>"; };
		E1ACE78C1F85E0350053A1FC /* CircleView.swift */ = {isa = PBXFileReference; lastKnownFileType = sourcecode.swift; path = CircleView.swift; sourceTree = "<group>"; };
		E1ACE78E1F85E1D50053A1FC /* RoundedShadowButton.swift */ = {isa = PBXFileReference; lastKnownFileType = sourcecode.swift; path = RoundedShadowButton.swift; sourceTree = "<group>"; };
		E1C0E4931F9D1EE80006DB59 /* updateService.swift */ = {isa = PBXFileReference; lastKnownFileType = sourcecode.swift; path = updateService.swift; sourceTree = "<group>"; };
		E1C0E4951F9D556B0006DB59 /* DriverAnnotation.swift */ = {isa = PBXFileReference; lastKnownFileType = sourcecode.swift; path = DriverAnnotation.swift; sourceTree = "<group>"; };
		E1C0E4971FA6770E0006DB59 /* PassengerAnnotation.swift */ = {isa = PBXFileReference; lastKnownFileType = sourcecode.swift; path = PassengerAnnotation.swift; sourceTree = "<group>"; };
		E1EE76F61F831C46002BB811 /* hitchhiker.app */ = {isa = PBXFileReference; explicitFileType = wrapper.application; includeInIndex = 0; path = hitchhiker.app; sourceTree = BUILT_PRODUCTS_DIR; };
		E1EE76F91F831C46002BB811 /* AppDelegate.swift */ = {isa = PBXFileReference; lastKnownFileType = sourcecode.swift; path = AppDelegate.swift; sourceTree = "<group>"; };
		E1EE76FB1F831C46002BB811 /* HomeVC.swift */ = {isa = PBXFileReference; lastKnownFileType = sourcecode.swift; path = HomeVC.swift; sourceTree = "<group>"; };
		E1EE76FE1F831C46002BB811 /* Base */ = {isa = PBXFileReference; lastKnownFileType = file.storyboard; name = Base; path = Base.lproj/Main.storyboard; sourceTree = "<group>"; };
		E1EE77001F831C46002BB811 /* Assets.xcassets */ = {isa = PBXFileReference; lastKnownFileType = folder.assetcatalog; path = Assets.xcassets; sourceTree = "<group>"; };
		E1EE77031F831C46002BB811 /* Base */ = {isa = PBXFileReference; lastKnownFileType = file.storyboard; name = Base; path = Base.lproj/LaunchScreen.storyboard; sourceTree = "<group>"; };
		E1EE77051F831C46002BB811 /* Info.plist */ = {isa = PBXFileReference; lastKnownFileType = text.plist.xml; path = Info.plist; sourceTree = "<group>"; };
/* End PBXFileReference section */

/* Begin PBXFrameworksBuildPhase section */
		E1EE76F31F831C46002BB811 /* Frameworks */ = {
			isa = PBXFrameworksBuildPhase;
			buildActionMask = 2147483647;
			files = (
				BAB7D66102C09BEC7C7FF6AD /* Pods_hitchhiker.framework in Frameworks */,
			);
			runOnlyForDeploymentPostprocessing = 0;
		};
/* End PBXFrameworksBuildPhase section */

/* Begin PBXGroup section */
		81B72D5767383CC142D01066 /* Pods */ = {
			isa = PBXGroup;
			children = (
				99AB09F2F695DE4305FB538B /* Pods-hitchhiker.debug.xcconfig */,
				55A678BF1603B7EF19E7E9A0 /* Pods-hitchhiker.release.xcconfig */,
			);
			name = Pods;
			sourceTree = "<group>";
		};
		938F61FB992F3A6D062A12C6 /* Frameworks */ = {
			isa = PBXGroup;
			children = (
				0EE3B1E53AB6477343C2B07E /* Pods_hitchhiker.framework */,
			);
			name = Frameworks;
			sourceTree = "<group>";
		};
		E1222F851F929914008A8FA8 /* Protocols */ = {
			isa = PBXGroup;
			children = (
				E1222F861F929936008A8FA8 /* CenterVCDelegate.swift */,
			);
			path = Protocols;
			sourceTree = "<group>";
		};
		E1222F881F93EBB0008A8FA8 /*  Extensions */ = {
			isa = PBXGroup;
			children = (
				E1222F891F93EBE6008A8FA8 /* UIViewExt.swift */,
			);
			path = " Extensions";
			sourceTree = "<group>";
		};
		E1A65C521F95B09A00D5F2EC /* Services */ = {
			isa = PBXGroup;
			children = (
				E1A65C531F95B0AE00D5F2EC /* DataService.swift */,
				E1C0E4931F9D1EE80006DB59 /* updateService.swift */,
			);
			path = Services;
			sourceTree = "<group>";
		};
		E1ACE7831F85D2940053A1FC /* Model */ = {
			isa = PBXGroup;
			children = (
			);
			path = Model;
			sourceTree = "<group>";
		};
		E1ACE7841F85D29D0053A1FC /* View */ = {
			isa = PBXGroup;
			children = (
				E1ACE7861F85D2D20053A1FC /* GradientView.swift */,
				E1ACE7881F85D8A00053A1FC /* RoundImageView.swift */,
				E1ACE78A1F85DA980053A1FC /* RoundedShadowView.swift */,
				E1ACE78C1F85E0350053A1FC /* CircleView.swift */,
				E1ACE78E1F85E1D50053A1FC /* RoundedShadowButton.swift */,
				E1222F8D1F941D21008A8FA8 /* RoundedCornerTextField.swift */,
				E1C0E4951F9D556B0006DB59 /* DriverAnnotation.swift */,
				E1C0E4971FA6770E0006DB59 /* PassengerAnnotation.swift */,
			);
			path = View;
			sourceTree = "<group>";
		};
		E1ACE7851F85D2A70053A1FC /* Controller */ = {
			isa = PBXGroup;
			children = (
				E1EE76FB1F831C46002BB811 /* HomeVC.swift */,
				E1222F811F928ECE008A8FA8 /* LeftSidePanelVC.swift */,
				E1222F831F928F6A008A8FA8 /* ContainerVC.swift */,
				E1222F8B1F93F834008A8FA8 /* LoginVC.swift */,
			);
			path = Controller;
			sourceTree = "<group>";
		};
		E1EE76ED1F831C46002BB811 = {
			isa = PBXGroup;
			children = (
				E1EE76F81F831C46002BB811 /* hitchhiker */,
				E1EE76F71F831C46002BB811 /* Products */,
				81B72D5767383CC142D01066 /* Pods */,
				938F61FB992F3A6D062A12C6 /* Frameworks */,
			);
			sourceTree = "<group>";
		};
		E1EE76F71F831C46002BB811 /* Products */ = {
			isa = PBXGroup;
			children = (
				E1EE76F61F831C46002BB811 /* hitchhiker.app */,
			);
			name = Products;
			sourceTree = "<group>";
		};
		E1EE76F81F831C46002BB811 /* hitchhiker */ = {
			isa = PBXGroup;
			children = (
				E1A65C521F95B09A00D5F2EC /* Services */,
				E1222F881F93EBB0008A8FA8 /*  Extensions */,
				E1222F851F929914008A8FA8 /* Protocols */,
				E1ACE7851F85D2A70053A1FC /* Controller */,
				E1ACE7841F85D29D0053A1FC /* View */,
				E1ACE7831F85D2940053A1FC /* Model */,
				E1EE76F91F831C46002BB811 /* AppDelegate.swift */,
				E1EE76FD1F831C46002BB811 /* Main.storyboard */,
				E1EE77001F831C46002BB811 /* Assets.xcassets */,
				E1EE77021F831C46002BB811 /* LaunchScreen.storyboard */,
				E1EE77051F831C46002BB811 /* Info.plist */,
				E1A65C511F95ABA700D5F2EC /* GoogleService-Info.plist */,
			);
			path = hitchhiker;
			sourceTree = "<group>";
		};
/* End PBXGroup section */

/* Begin PBXNativeTarget section */
		E1EE76F51F831C46002BB811 /* hitchhiker */ = {
			isa = PBXNativeTarget;
			buildConfigurationList = E1EE77081F831C46002BB811 /* Build configuration list for PBXNativeTarget "hitchhiker" */;
			buildPhases = (
				6D926280B9AB30B0D3CC7F4A /* [CP] Check Pods Manifest.lock */,
				E1EE76F21F831C46002BB811 /* Sources */,
				E1EE76F31F831C46002BB811 /* Frameworks */,
				E1EE76F41F831C46002BB811 /* Resources */,
				099F70B02A1833AEF9CCD188 /* [CP] Embed Pods Frameworks */,
				D70659DDB4D8AD0D9BADDDD7 /* [CP] Copy Pods Resources */,
			);
			buildRules = (
			);
			dependencies = (
			);
			name = hitchhiker;
			productName = hitchhiker;
			productReference = E1EE76F61F831C46002BB811 /* hitchhiker.app */;
			productType = "com.apple.product-type.application";
		};
/* End PBXNativeTarget section */

/* Begin PBXProject section */
		E1EE76EE1F831C46002BB811 /* Project object */ = {
			isa = PBXProject;
			attributes = {
				LastSwiftUpdateCheck = 0900;
				LastUpgradeCheck = 0900;
				ORGANIZATIONNAME = "Ken Pierce";
				TargetAttributes = {
					E1EE76F51F831C46002BB811 = {
						CreatedOnToolsVersion = 9.0;
						ProvisioningStyle = Automatic;
					};
				};
			};
			buildConfigurationList = E1EE76F11F831C46002BB811 /* Build configuration list for PBXProject "hitchhiker" */;
			compatibilityVersion = "Xcode 8.0";
			developmentRegion = en;
			hasScannedForEncodings = 0;
			knownRegions = (
				en,
				Base,
			);
			mainGroup = E1EE76ED1F831C46002BB811;
			productRefGroup = E1EE76F71F831C46002BB811 /* Products */;
			projectDirPath = "";
			projectRoot = "";
			targets = (
				E1EE76F51F831C46002BB811 /* hitchhiker */,
			);
		};
/* End PBXProject section */

/* Begin PBXResourcesBuildPhase section */
		E1EE76F41F831C46002BB811 /* Resources */ = {
			isa = PBXResourcesBuildPhase;
			buildActionMask = 2147483647;
			files = (
				E1EE77041F831C46002BB811 /* LaunchScreen.storyboard in Resources */,
				E1C0E4921F9BDBEF0006DB59 /* GoogleService-Info.plist in Resources */,
				E1EE77011F831C46002BB811 /* Assets.xcassets in Resources */,
				E1EE76FF1F831C46002BB811 /* Main.storyboard in Resources */,
			);
			runOnlyForDeploymentPostprocessing = 0;
		};
/* End PBXResourcesBuildPhase section */

/* Begin PBXShellScriptBuildPhase section */
		099F70B02A1833AEF9CCD188 /* [CP] Embed Pods Frameworks */ = {
			isa = PBXShellScriptBuildPhase;
			buildActionMask = 2147483647;
			files = (
			);
			inputPaths = (
				"${SRCROOT}/Pods/Target Support Files/Pods-hitchhiker/Pods-hitchhiker-frameworks.sh",
				"${BUILT_PRODUCTS_DIR}/GTMSessionFetcher/GTMSessionFetcher.framework",
				"${BUILT_PRODUCTS_DIR}/GoogleToolboxForMac/GoogleToolboxForMac.framework",
				"${BUILT_PRODUCTS_DIR}/RevealingSplashView/RevealingSplashView.framework",
				"${BUILT_PRODUCTS_DIR}/leveldb-library/leveldb.framework",
				"${BUILT_PRODUCTS_DIR}/nanopb/nanopb.framework",
			);
			name = "[CP] Embed Pods Frameworks";
			outputPaths = (
				"${TARGET_BUILD_DIR}/${FRAMEWORKS_FOLDER_PATH}/GTMSessionFetcher.framework",
				"${TARGET_BUILD_DIR}/${FRAMEWORKS_FOLDER_PATH}/GoogleToolboxForMac.framework",
				"${TARGET_BUILD_DIR}/${FRAMEWORKS_FOLDER_PATH}/RevealingSplashView.framework",
				"${TARGET_BUILD_DIR}/${FRAMEWORKS_FOLDER_PATH}/leveldb.framework",
				"${TARGET_BUILD_DIR}/${FRAMEWORKS_FOLDER_PATH}/nanopb.framework",
			);
			runOnlyForDeploymentPostprocessing = 0;
			shellPath = /bin/sh;
			shellScript = "\"${SRCROOT}/Pods/Target Support Files/Pods-hitchhiker/Pods-hitchhiker-frameworks.sh\"\n";
			showEnvVarsInLog = 0;
		};
		6D926280B9AB30B0D3CC7F4A /* [CP] Check Pods Manifest.lock */ = {
			isa = PBXShellScriptBuildPhase;
			buildActionMask = 2147483647;
			files = (
			);
			inputPaths = (
				"${PODS_PODFILE_DIR_PATH}/Podfile.lock",
				"${PODS_ROOT}/Manifest.lock",
			);
			name = "[CP] Check Pods Manifest.lock";
			outputPaths = (
				"$(DERIVED_FILE_DIR)/Pods-hitchhiker-checkManifestLockResult.txt",
			);
			runOnlyForDeploymentPostprocessing = 0;
			shellPath = /bin/sh;
			shellScript = "diff \"${PODS_PODFILE_DIR_PATH}/Podfile.lock\" \"${PODS_ROOT}/Manifest.lock\" > /dev/null\nif [ $? != 0 ] ; then\n    # print error to STDERR\n    echo \"error: The sandbox is not in sync with the Podfile.lock. Run 'pod install' or update your CocoaPods installation.\" >&2\n    exit 1\nfi\n# This output is used by Xcode 'outputs' to avoid re-running this script phase.\necho \"SUCCESS\" > \"${SCRIPT_OUTPUT_FILE_0}\"\n";
			showEnvVarsInLog = 0;
		};
		D70659DDB4D8AD0D9BADDDD7 /* [CP] Copy Pods Resources */ = {
			isa = PBXShellScriptBuildPhase;
			buildActionMask = 2147483647;
			files = (
			);
			inputPaths = (
			);
			name = "[CP] Copy Pods Resources";
			outputPaths = (
			);
			runOnlyForDeploymentPostprocessing = 0;
			shellPath = /bin/sh;
			shellScript = "\"${SRCROOT}/Pods/Target Support Files/Pods-hitchhiker/Pods-hitchhiker-resources.sh\"\n";
			showEnvVarsInLog = 0;
		};
/* End PBXShellScriptBuildPhase section */

/* Begin PBXSourcesBuildPhase section */
		E1EE76F21F831C46002BB811 /* Sources */ = {
			isa = PBXSourcesBuildPhase;
			buildActionMask = 2147483647;
			files = (
				E1222F871F929936008A8FA8 /* CenterVCDelegate.swift in Sources */,
				E1A65C541F95B0AE00D5F2EC /* DataService.swift in Sources */,
				E1ACE78F1F85E1D50053A1FC /* RoundedShadowButton.swift in Sources */,
				E1222F8C1F93F834008A8FA8 /* LoginVC.swift in Sources */,
				E1ACE78D1F85E0350053A1FC /* CircleView.swift in Sources */,
				E1C0E4941F9D1EE80006DB59 /* updateService.swift in Sources */,
				E1EE76FC1F831C46002BB811 /* HomeVC.swift in Sources */,
				E1C0E4981FA6770E0006DB59 /* PassengerAnnotation.swift in Sources */,
				E1222F841F928F6A008A8FA8 /* ContainerVC.swift in Sources */,
				E1C0E4961F9D556B0006DB59 /* DriverAnnotation.swift in Sources */,
				E1222F8A1F93EBE6008A8FA8 /* UIViewExt.swift in Sources */,
				E1ACE7891F85D8A00053A1FC /* RoundImageView.swift in Sources */,
				E1222F821F928ECE008A8FA8 /* LeftSidePanelVC.swift in Sources */,
				E1ACE78B1F85DA980053A1FC /* RoundedShadowView.swift in Sources */,
				E1222F8E1F941D21008A8FA8 /* RoundedCornerTextField.swift in Sources */,
				E1EE76FA1F831C46002BB811 /* AppDelegate.swift in Sources */,
				E1ACE7871F85D2D20053A1FC /* GradientView.swift in Sources */,
			);
			runOnlyForDeploymentPostprocessing = 0;
		};
/* End PBXSourcesBuildPhase section */

/* Begin PBXVariantGroup section */
		E1EE76FD1F831C46002BB811 /* Main.storyboard */ = {
			isa = PBXVariantGroup;
			children = (
				E1EE76FE1F831C46002BB811 /* Base */,
			);
			name = Main.storyboard;
			sourceTree = "<group>";
		};
		E1EE77021F831C46002BB811 /* LaunchScreen.storyboard */ = {
			isa = PBXVariantGroup;
			children = (
				E1EE77031F831C46002BB811 /* Base */,
			);
			name = LaunchScreen.storyboard;
			sourceTree = "<group>";
		};
/* End PBXVariantGroup section */

/* Begin XCBuildConfiguration section */
		E1EE77061F831C46002BB811 /* Debug */ = {
			isa = XCBuildConfiguration;
			buildSettings = {
				ALWAYS_SEARCH_USER_PATHS = NO;
				CLANG_ANALYZER_NONNULL = YES;
				CLANG_ANALYZER_NUMBER_OBJECT_CONVERSION = YES_AGGRESSIVE;
				CLANG_CXX_LANGUAGE_STANDARD = "gnu++14";
				CLANG_CXX_LIBRARY = "libc++";
				CLANG_ENABLE_MODULES = YES;
				CLANG_ENABLE_OBJC_ARC = YES;
				CLANG_WARN_BLOCK_CAPTURE_AUTORELEASING = YES;
				CLANG_WARN_BOOL_CONVERSION = YES;
				CLANG_WARN_COMMA = YES;
				CLANG_WARN_CONSTANT_CONVERSION = YES;
				CLANG_WARN_DIRECT_OBJC_ISA_USAGE = YES_ERROR;
				CLANG_WARN_DOCUMENTATION_COMMENTS = YES;
				CLANG_WARN_EMPTY_BODY = YES;
				CLANG_WARN_ENUM_CONVERSION = YES;
				CLANG_WARN_INFINITE_RECURSION = YES;
				CLANG_WARN_INT_CONVERSION = YES;
				CLANG_WARN_NON_LITERAL_NULL_CONVERSION = YES;
				CLANG_WARN_OBJC_LITERAL_CONVERSION = YES;
				CLANG_WARN_OBJC_ROOT_CLASS = YES_ERROR;
				CLANG_WARN_RANGE_LOOP_ANALYSIS = YES;
				CLANG_WARN_STRICT_PROTOTYPES = YES;
				CLANG_WARN_SUSPICIOUS_MOVE = YES;
				CLANG_WARN_UNGUARDED_AVAILABILITY = YES_AGGRESSIVE;
				CLANG_WARN_UNREACHABLE_CODE = YES;
				CLANG_WARN__DUPLICATE_METHOD_MATCH = YES;
				CODE_SIGN_IDENTITY = "iPhone Developer";
				COPY_PHASE_STRIP = NO;
				DEBUG_INFORMATION_FORMAT = dwarf;
				ENABLE_STRICT_OBJC_MSGSEND = YES;
				ENABLE_TESTABILITY = YES;
				GCC_C_LANGUAGE_STANDARD = gnu11;
				GCC_DYNAMIC_NO_PIC = NO;
				GCC_NO_COMMON_BLOCKS = YES;
				GCC_OPTIMIZATION_LEVEL = 0;
				GCC_PREPROCESSOR_DEFINITIONS = (
					"DEBUG=1",
					"$(inherited)",
				);
				GCC_WARN_64_TO_32_BIT_CONVERSION = YES;
				GCC_WARN_ABOUT_RETURN_TYPE = YES_ERROR;
				GCC_WARN_UNDECLARED_SELECTOR = YES;
				GCC_WARN_UNINITIALIZED_AUTOS = YES_AGGRESSIVE;
				GCC_WARN_UNUSED_FUNCTION = YES;
				GCC_WARN_UNUSED_VARIABLE = YES;
				IPHONEOS_DEPLOYMENT_TARGET = 11.0;
				MTL_ENABLE_DEBUG_INFO = YES;
				ONLY_ACTIVE_ARCH = YES;
				SDKROOT = iphoneos;
				SWIFT_ACTIVE_COMPILATION_CONDITIONS = DEBUG;
				SWIFT_OPTIMIZATION_LEVEL = "-Onone";
			};
			name = Debug;
		};
		E1EE77071F831C46002BB811 /* Release */ = {
			isa = XCBuildConfiguration;
			buildSettings = {
				ALWAYS_SEARCH_USER_PATHS = NO;
				CLANG_ANALYZER_NONNULL = YES;
				CLANG_ANALYZER_NUMBER_OBJECT_CONVERSION = YES_AGGRESSIVE;
				CLANG_CXX_LANGUAGE_STANDARD = "gnu++14";
				CLANG_CXX_LIBRARY = "libc++";
				CLANG_ENABLE_MODULES = YES;
				CLANG_ENABLE_OBJC_ARC = YES;
				CLANG_WARN_BLOCK_CAPTURE_AUTORELEASING = YES;
				CLANG_WARN_BOOL_CONVERSION = YES;
				CLANG_WARN_COMMA = YES;
				CLANG_WARN_CONSTANT_CONVERSION = YES;
				CLANG_WARN_DIRECT_OBJC_ISA_USAGE = YES_ERROR;
				CLANG_WARN_DOCUMENTATION_COMMENTS = YES;
				CLANG_WARN_EMPTY_BODY = YES;
				CLANG_WARN_ENUM_CONVERSION = YES;
				CLANG_WARN_INFINITE_RECURSION = YES;
				CLANG_WARN_INT_CONVERSION = YES;
				CLANG_WARN_NON_LITERAL_NULL_CONVERSION = YES;
				CLANG_WARN_OBJC_LITERAL_CONVERSION = YES;
				CLANG_WARN_OBJC_ROOT_CLASS = YES_ERROR;
				CLANG_WARN_RANGE_LOOP_ANALYSIS = YES;
				CLANG_WARN_STRICT_PROTOTYPES = YES;
				CLANG_WARN_SUSPICIOUS_MOVE = YES;
				CLANG_WARN_UNGUARDED_AVAILABILITY = YES_AGGRESSIVE;
				CLANG_WARN_UNREACHABLE_CODE = YES;
				CLANG_WARN__DUPLICATE_METHOD_MATCH = YES;
				CODE_SIGN_IDENTITY = "iPhone Developer";
				COPY_PHASE_STRIP = NO;
				DEBUG_INFORMATION_FORMAT = "dwarf-with-dsym";
				ENABLE_NS_ASSERTIONS = NO;
				ENABLE_STRICT_OBJC_MSGSEND = YES;
				GCC_C_LANGUAGE_STANDARD = gnu11;
				GCC_NO_COMMON_BLOCKS = YES;
				GCC_WARN_64_TO_32_BIT_CONVERSION = YES;
				GCC_WARN_ABOUT_RETURN_TYPE = YES_ERROR;
				GCC_WARN_UNDECLARED_SELECTOR = YES;
				GCC_WARN_UNINITIALIZED_AUTOS = YES_AGGRESSIVE;
				GCC_WARN_UNUSED_FUNCTION = YES;
				GCC_WARN_UNUSED_VARIABLE = YES;
				IPHONEOS_DEPLOYMENT_TARGET = 11.0;
				MTL_ENABLE_DEBUG_INFO = NO;
				SDKROOT = iphoneos;
				SWIFT_OPTIMIZATION_LEVEL = "-Owholemodule";
				VALIDATE_PRODUCT = YES;
			};
			name = Release;
		};
		E1EE77091F831C46002BB811 /* Debug */ = {
			isa = XCBuildConfiguration;
			baseConfigurationReference = 99AB09F2F695DE4305FB538B /* Pods-hitchhiker.debug.xcconfig */;
			buildSettings = {
				ASSETCATALOG_COMPILER_APPICON_NAME = AppIcon;
				CODE_SIGN_STYLE = Automatic;
				DEVELOPMENT_TEAM = 42F6Y56UC5;
				INFOPLIST_FILE = hitchhiker/Info.plist;
				LD_RUNPATH_SEARCH_PATHS = "$(inherited) @executable_path/Frameworks";
				PRODUCT_BUNDLE_IDENTIFIER = com.franticgoose.hitchhiker;
				PRODUCT_NAME = "$(TARGET_NAME)";
				SWIFT_VERSION = 4.0;
				TARGETED_DEVICE_FAMILY = "1,2";
			};
			name = Debug;
		};
		E1EE770A1F831C46002BB811 /* Release */ = {
			isa = XCBuildConfiguration;
			baseConfigurationReference = 55A678BF1603B7EF19E7E9A0 /* Pods-hitchhiker.release.xcconfig */;
			buildSettings = {
				ASSETCATALOG_COMPILER_APPICON_NAME = AppIcon;
				CODE_SIGN_STYLE = Automatic;
				DEVELOPMENT_TEAM = 42F6Y56UC5;
				INFOPLIST_FILE = hitchhiker/Info.plist;
				LD_RUNPATH_SEARCH_PATHS = "$(inherited) @executable_path/Frameworks";
				PRODUCT_BUNDLE_IDENTIFIER = com.franticgoose.hitchhiker;
				PRODUCT_NAME = "$(TARGET_NAME)";
				SWIFT_VERSION = 4.0;
				TARGETED_DEVICE_FAMILY = "1,2";
			};
			name = Release;
		};
/* End XCBuildConfiguration section */

/* Begin XCConfigurationList section */
		E1EE76F11F831C46002BB811 /* Build configuration list for PBXProject "hitchhiker" */ = {
			isa = XCConfigurationList;
			buildConfigurations = (
				E1EE77061F831C46002BB811 /* Debug */,
				E1EE77071F831C46002BB811 /* Release */,
			);
			defaultConfigurationIsVisible = 0;
			defaultConfigurationName = Release;
		};
		E1EE77081F831C46002BB811 /* Build configuration list for PBXNativeTarget "hitchhiker" */ = {
			isa = XCConfigurationList;
			buildConfigurations = (
				E1EE77091F831C46002BB811 /* Debug */,
				E1EE770A1F831C46002BB811 /* Release */,
			);
			defaultConfigurationIsVisible = 0;
			defaultConfigurationName = Release;
		};
/* End XCConfigurationList section */
	};
	rootObject = E1EE76EE1F831C46002BB811 /* Project object */;
}
